
Microsoft Visual Studio Solution File, Format Version 12.00
# Visual Studio 14
VisualStudioVersion = 14.0.25420.1
MinimumVisualStudioVersion = 10.0.40219.1
Project("{2150E333-8FDC-42A3-9474-1A3956D46DE8}") = "PublishScripts", "PublishScripts", "{E5A5F709-0A3B-410A-A4C1-1EB514B24DFE}"
	ProjectSection(SolutionItems) = preProject
		PublishScripts\AzureWebsitePublishModule.psm1 = PublishScripts\AzureWebsitePublishModule.psm1
		PublishScripts\Publish-WebApplicationWebsite.ps1 = PublishScripts\Publish-WebApplicationWebsite.ps1
	EndProjectSection
EndProject
Project("{2150E333-8FDC-42A3-9474-1A3956D46DE8}") = "Configurations", "Configurations", "{84595920-CF25-481D-A8FF-8D47BBF1BB9F}"
	ProjectSection(SolutionItems) = preProject
		PublishScripts\Configurations\web1-WAWS-dev.json = PublishScripts\Configurations\web1-WAWS-dev.json
	EndProjectSection
EndProject
Project("{FAE04EC0-301F-11D3-BF4B-00C04F79EFBC}") = "mm_db", "mmdb_model\mm_db.csproj", "{2A14FBEE-79BC-4845-9129-0F3527426A4E}"
EndProject
Project("{2150E333-8FDC-42A3-9474-1A3956D46DE8}") = "BrowserExtension", "BrowserExtension", "{303B31D1-A582-4C5F-B138-8160E99480B2}"
EndProject
Project("{2150E333-8FDC-42A3-9474-1A3956D46DE8}") = "Website", "Website", "{5C39C6C8-67C0-4DA9-966D-DD06D9A61452}"
EndProject
Project("{2150E333-8FDC-42A3-9474-1A3956D46DE8}") = "API", "API", "{88D4EF12-311E-4451-8B3A-2DBBF849A07B}"
EndProject
Project("{2150E333-8FDC-42A3-9474-1A3956D46DE8}") = "DB", "DB", "{BB2DF415-8703-467C-BABB-763B99582B3F}"
EndProject
Project("{2150E333-8FDC-42A3-9474-1A3956D46DE8}") = "AWS", "AWS", "{28F502E6-9CE4-4A26-9F42-FA96FEFDC965}"
EndProject
Project("{FAE04EC0-301F-11D3-BF4B-00C04F79EFBC}") = "mm_aws", "mm_aws\mm_aws.csproj", "{CDC450EA-3727-4BB5-BD2D-124FC51F272F}"
EndProject
Project("{FAE04EC0-301F-11D3-BF4B-00C04F79EFBC}") = "tests", "mm_aws\tests\tests.csproj", "{70056333-80F6-4D71-86CF-0456FEEDEB29}"
EndProject
Project("{2150E333-8FDC-42A3-9474-1A3956D46DE8}") = "Services", "Services", "{010A1AEA-99CB-401D-A3E7-651CF9397978}"
EndProject
Project("{FAE04EC0-301F-11D3-BF4B-00C04F79EFBC}") = "mm_svc", "mm_svc\mm_svc.csproj", "{98894532-0239-49C0-9D82-D1BFB71F9553}"
EndProject
Project("{FAE04EC0-301F-11D3-BF4B-00C04F79EFBC}") = "tests", "mm_svc\tests\tests.csproj", "{5ABD7D8C-E31D-4CF3-8A52-8357D0B466F4}"
EndProject
Project("{2150E333-8FDC-42A3-9474-1A3956D46DE8}") = "Global", "Global", "{D722EDBD-A4B9-4C53-A0C7-25EA263C727E}"
EndProject
Project("{FAE04EC0-301F-11D3-BF4B-00C04F79EFBC}") = "mm_global", "global\mm_global.csproj", "{17D58E56-2A83-4552-8AFE-664D78183A6B}"
EndProject
Project("{FAE04EC0-301F-11D3-BF4B-00C04F79EFBC}") = "mmapi00", "mmapi00\mmapi00.csproj", "{EDBAA806-6223-44E0-A828-A90DE275A56B}"
EndProject
Project("{FAE04EC0-301F-11D3-BF4B-00C04F79EFBC}") = "mm02ce", "mm02ce\mm02ce.csproj", "{1E2F1823-E0CE-4BEA-8C8E-7E2430CDDB4F}"
EndProject
Project("{2150E333-8FDC-42A3-9474-1A3956D46DE8}") = "Tools", "Tools", "{89487825-29E5-4A17-B4B9-3C1EE99DA891}"
EndProject
Project("{8BB2217D-0F2D-49D1-97BC-3654ED321F3B}") = "MaomaoWeb", "MaomaoWeb\MaomaoWeb.xproj", "{4189327E-C2CF-4D8E-9E42-63DB5C305858}"
EndProject
Project("{FAE04EC0-301F-11D3-BF4B-00C04F79EFBC}") = "wowmao", "wowmao\wowmao.csproj", "{C4D1A008-DACA-469E-9458-3FA758AA5BB8}"
EndProject
Project("{FAE04EC0-301F-11D3-BF4B-00C04F79EFBC}") = "wiki_cat_crawler", "wiki_cat_crawler\wiki_cat_crawler.csproj", "{0364D81E-9497-499A-84CD-1F6D26B1D682}"
EndProject
Project("{FAE04EC0-301F-11D3-BF4B-00C04F79EFBC}") = "wiki_walker", "wiki_walker\wiki_walker.csproj", "{BE74CB97-5171-49EB-86CB-BD8DA900C87E}"
EndProject
Global
	GlobalSection(SolutionConfigurationPlatforms) = preSolution
		Debug|Any CPU = Debug|Any CPU
		Release|Any CPU = Release|Any CPU
	EndGlobalSection
	GlobalSection(ProjectConfigurationPlatforms) = postSolution
		{2A14FBEE-79BC-4845-9129-0F3527426A4E}.Debug|Any CPU.ActiveCfg = Debug|Any CPU
		{2A14FBEE-79BC-4845-9129-0F3527426A4E}.Debug|Any CPU.Build.0 = Debug|Any CPU
		{2A14FBEE-79BC-4845-9129-0F3527426A4E}.Release|Any CPU.ActiveCfg = Release|Any CPU
		{2A14FBEE-79BC-4845-9129-0F3527426A4E}.Release|Any CPU.Build.0 = Release|Any CPU
		{CDC450EA-3727-4BB5-BD2D-124FC51F272F}.Debug|Any CPU.ActiveCfg = Debug|Any CPU
		{CDC450EA-3727-4BB5-BD2D-124FC51F272F}.Debug|Any CPU.Build.0 = Debug|Any CPU
		{CDC450EA-3727-4BB5-BD2D-124FC51F272F}.Release|Any CPU.ActiveCfg = Release|Any CPU
		{CDC450EA-3727-4BB5-BD2D-124FC51F272F}.Release|Any CPU.Build.0 = Release|Any CPU
		{70056333-80F6-4D71-86CF-0456FEEDEB29}.Debug|Any CPU.ActiveCfg = Debug|Any CPU
		{70056333-80F6-4D71-86CF-0456FEEDEB29}.Debug|Any CPU.Build.0 = Debug|Any CPU
		{70056333-80F6-4D71-86CF-0456FEEDEB29}.Release|Any CPU.ActiveCfg = Release|Any CPU
		{70056333-80F6-4D71-86CF-0456FEEDEB29}.Release|Any CPU.Build.0 = Release|Any CPU
		{98894532-0239-49C0-9D82-D1BFB71F9553}.Debug|Any CPU.ActiveCfg = Debug|Any CPU
		{98894532-0239-49C0-9D82-D1BFB71F9553}.Debug|Any CPU.Build.0 = Debug|Any CPU
		{98894532-0239-49C0-9D82-D1BFB71F9553}.Release|Any CPU.ActiveCfg = Release|Any CPU
		{98894532-0239-49C0-9D82-D1BFB71F9553}.Release|Any CPU.Build.0 = Release|Any CPU
		{5ABD7D8C-E31D-4CF3-8A52-8357D0B466F4}.Debug|Any CPU.ActiveCfg = Debug|Any CPU
		{5ABD7D8C-E31D-4CF3-8A52-8357D0B466F4}.Debug|Any CPU.Build.0 = Debug|Any CPU
		{5ABD7D8C-E31D-4CF3-8A52-8357D0B466F4}.Release|Any CPU.ActiveCfg = Release|Any CPU
		{5ABD7D8C-E31D-4CF3-8A52-8357D0B466F4}.Release|Any CPU.Build.0 = Release|Any CPU
		{17D58E56-2A83-4552-8AFE-664D78183A6B}.Debug|Any CPU.ActiveCfg = Debug|Any CPU
		{17D58E56-2A83-4552-8AFE-664D78183A6B}.Debug|Any CPU.Build.0 = Debug|Any CPU
		{17D58E56-2A83-4552-8AFE-664D78183A6B}.Release|Any CPU.ActiveCfg = Release|Any CPU
		{17D58E56-2A83-4552-8AFE-664D78183A6B}.Release|Any CPU.Build.0 = Release|Any CPU
		{EDBAA806-6223-44E0-A828-A90DE275A56B}.Debug|Any CPU.ActiveCfg = Debug|Any CPU
		{EDBAA806-6223-44E0-A828-A90DE275A56B}.Debug|Any CPU.Build.0 = Debug|Any CPU
		{EDBAA806-6223-44E0-A828-A90DE275A56B}.Release|Any CPU.ActiveCfg = Release|Any CPU
		{EDBAA806-6223-44E0-A828-A90DE275A56B}.Release|Any CPU.Build.0 = Release|Any CPU
		{1E2F1823-E0CE-4BEA-8C8E-7E2430CDDB4F}.Debug|Any CPU.ActiveCfg = Debug|Any CPU
		{1E2F1823-E0CE-4BEA-8C8E-7E2430CDDB4F}.Debug|Any CPU.Build.0 = Debug|Any CPU
		{1E2F1823-E0CE-4BEA-8C8E-7E2430CDDB4F}.Release|Any CPU.ActiveCfg = Release|Any CPU
		{4189327E-C2CF-4D8E-9E42-63DB5C305858}.Debug|Any CPU.ActiveCfg = Debug|Any CPU
		{4189327E-C2CF-4D8E-9E42-63DB5C305858}.Debug|Any CPU.Build.0 = Debug|Any CPU
		{4189327E-C2CF-4D8E-9E42-63DB5C305858}.Release|Any CPU.ActiveCfg = Release|Any CPU
		{4189327E-C2CF-4D8E-9E42-63DB5C305858}.Release|Any CPU.Build.0 = Release|Any CPU
		{C4D1A008-DACA-469E-9458-3FA758AA5BB8}.Debug|Any CPU.ActiveCfg = Debug|Any CPU
		{C4D1A008-DACA-469E-9458-3FA758AA5BB8}.Debug|Any CPU.Build.0 = Debug|Any CPU
		{C4D1A008-DACA-469E-9458-3FA758AA5BB8}.Release|Any CPU.ActiveCfg = Release|Any CPU
		{C4D1A008-DACA-469E-9458-3FA758AA5BB8}.Release|Any CPU.Build.0 = Release|Any CPU
		{0364D81E-9497-499A-84CD-1F6D26B1D682}.Debug|Any CPU.ActiveCfg = Debug|Any CPU
		{0364D81E-9497-499A-84CD-1F6D26B1D682}.Debug|Any CPU.Build.0 = Debug|Any CPU
		{0364D81E-9497-499A-84CD-1F6D26B1D682}.Release|Any CPU.ActiveCfg = Release|Any CPU
		{0364D81E-9497-499A-84CD-1F6D26B1D682}.Release|Any CPU.Build.0 = Release|Any CPU
		{BE74CB97-5171-49EB-86CB-BD8DA900C87E}.Debug|Any CPU.ActiveCfg = Debug|Any CPU
		{BE74CB97-5171-49EB-86CB-BD8DA900C87E}.Debug|Any CPU.Build.0 = Debug|Any CPU
		{BE74CB97-5171-49EB-86CB-BD8DA900C87E}.Release|Any CPU.ActiveCfg = Release|Any CPU
		{BE74CB97-5171-49EB-86CB-BD8DA900C87E}.Release|Any CPU.Build.0 = Release|Any CPU
	EndGlobalSection
	GlobalSection(SolutionProperties) = preSolution
		HideSolutionNode = FALSE
	EndGlobalSection
	GlobalSection(NestedProjects) = preSolution
		{E5A5F709-0A3B-410A-A4C1-1EB514B24DFE} = {5C39C6C8-67C0-4DA9-966D-DD06D9A61452}
		{84595920-CF25-481D-A8FF-8D47BBF1BB9F} = {E5A5F709-0A3B-410A-A4C1-1EB514B24DFE}
		{2A14FBEE-79BC-4845-9129-0F3527426A4E} = {BB2DF415-8703-467C-BABB-763B99582B3F}
		{CDC450EA-3727-4BB5-BD2D-124FC51F272F} = {28F502E6-9CE4-4A26-9F42-FA96FEFDC965}
		{70056333-80F6-4D71-86CF-0456FEEDEB29} = {28F502E6-9CE4-4A26-9F42-FA96FEFDC965}
		{98894532-0239-49C0-9D82-D1BFB71F9553} = {010A1AEA-99CB-401D-A3E7-651CF9397978}
		{5ABD7D8C-E31D-4CF3-8A52-8357D0B466F4} = {010A1AEA-99CB-401D-A3E7-651CF9397978}
		{17D58E56-2A83-4552-8AFE-664D78183A6B} = {D722EDBD-A4B9-4C53-A0C7-25EA263C727E}
		{EDBAA806-6223-44E0-A828-A90DE275A56B} = {88D4EF12-311E-4451-8B3A-2DBBF849A07B}
		{1E2F1823-E0CE-4BEA-8C8E-7E2430CDDB4F} = {303B31D1-A582-4C5F-B138-8160E99480B2}
		{4189327E-C2CF-4D8E-9E42-63DB5C305858} = {5C39C6C8-67C0-4DA9-966D-DD06D9A61452}
		{C4D1A008-DACA-469E-9458-3FA758AA5BB8} = {89487825-29E5-4A17-B4B9-3C1EE99DA891}
		{0364D81E-9497-499A-84CD-1F6D26B1D682} = {89487825-29E5-4A17-B4B9-3C1EE99DA891}
		{BE74CB97-5171-49EB-86CB-BD8DA900C87E} = {89487825-29E5-4A17-B4B9-3C1EE99DA891}
	EndGlobalSection
EndGlobal
